
Microsoft Visual Studio Solution File, Format Version 12.00
# Visual Studio 14
VisualStudioVersion = 14.0.25420.1
MinimumVisualStudioVersion = 10.0.40219.1
Project("{FAE04EC0-301F-11D3-BF4B-00C04F79EFBC}") = "Entities", "Entities\Entities.csproj", "{EA9890CC-3DC0-45AC-9414-1DC4BC8DB5FC}"
EndProject
Project("{FAE04EC0-301F-11D3-BF4B-00C04F79EFBC}") = "DataAccessLayer", "DataAccessLayer\DataAccessLayer.csproj", "{99E7AE47-2C13-4502-8154-E4D8F1BB6D1A}"
EndProject
Project("{FAE04EC0-301F-11D3-BF4B-00C04F79EFBC}") = "PresentationLayer", "PresentationLayer\PresentationLayer.csproj", "{E5BABC9C-F884-45D9-99C3-5CDA39C2D4E6}"
EndProject
Project("{FAE04EC0-301F-11D3-BF4B-00C04F79EFBC}") = "ConsoleApplication1", "ConsoleApplication1\ConsoleApplication1.csproj", "{77B39C77-BFE0-4D53-939B-C35BCE8A40B9}"
EndProject
Project("{FAE04EC0-301F-11D3-BF4B-00C04F79EFBC}") = "BusinessLogicLayer", "BusinessLogicLayer\BusinessLogicLayer.csproj", "{DA6BE75C-8EC5-40FF-AD66-0E462B77103A}"
EndProject
Project("{FAE04EC0-301F-11D3-BF4B-00C04F79EFBC}") = "OnlineBillPaymentSystemTest", "OnlineBillPaymentSystemTest\OnlineBillPaymentSystemTest.csproj", "{86C221FC-E25C-4776-8EBC-7F974A18BF6F}"
EndProject
Global
	GlobalSection(SolutionConfigurationPlatforms) = preSolution
		Debug|Any CPU = Debug|Any CPU
		Release|Any CPU = Release|Any CPU
	EndGlobalSection
	GlobalSection(ProjectConfigurationPlatforms) = postSolution
		{EA9890CC-3DC0-45AC-9414-1DC4BC8DB5FC}.Debug|Any CPU.ActiveCfg = Debug|Any CPU
		{EA9890CC-3DC0-45AC-9414-1DC4BC8DB5FC}.Debug|Any CPU.Build.0 = Debug|Any CPU
		{EA9890CC-3DC0-45AC-9414-1DC4BC8DB5FC}.Release|Any CPU.ActiveCfg = Release|Any CPU
		{EA9890CC-3DC0-45AC-9414-1DC4BC8DB5FC}.Release|Any CPU.Build.0 = Release|Any CPU
		{99E7AE47-2C13-4502-8154-E4D8F1BB6D1A}.Debug|Any CPU.ActiveCfg = Debug|Any CPU
		{99E7AE47-2C13-4502-8154-E4D8F1BB6D1A}.Debug|Any CPU.Build.0 = Debug|Any CPU
		{99E7AE47-2C13-4502-8154-E4D8F1BB6D1A}.Release|Any CPU.ActiveCfg = Release|Any CPU
		{99E7AE47-2C13-4502-8154-E4D8F1BB6D1A}.Release|Any CPU.Build.0 = Release|Any CPU
		{E5BABC9C-F884-45D9-99C3-5CDA39C2D4E6}.Debug|Any CPU.ActiveCfg = Debug|Any CPU
		{E5BABC9C-F884-45D9-99C3-5CDA39C2D4E6}.Debug|Any CPU.Build.0 = Debug|Any CPU
		{E5BABC9C-F884-45D9-99C3-5CDA39C2D4E6}.Release|Any CPU.ActiveCfg = Release|Any CPU
		{E5BABC9C-F884-45D9-99C3-5CDA39C2D4E6}.Release|Any CPU.Build.0 = Release|Any CPU
		{77B39C77-BFE0-4D53-939B-C35BCE8A40B9}.Debug|Any CPU.ActiveCfg = Debug|Any CPU
		{77B39C77-BFE0-4D53-939B-C35BCE8A40B9}.Debug|Any CPU.Build.0 = Debug|Any CPU
		{77B39C77-BFE0-4D53-939B-C35BCE8A40B9}.Release|Any CPU.ActiveCfg = Release|Any CPU
		{77B39C77-BFE0-4D53-939B-C35BCE8A40B9}.Release|Any CPU.Build.0 = Release|Any CPU
		{DA6BE75C-8EC5-40FF-AD66-0E462B77103A}.Debug|Any CPU.ActiveCfg = Debug|Any CPU
		{DA6BE75C-8EC5-40FF-AD66-0E462B77103A}.Debug|Any CPU.Build.0 = Debug|Any CPU
		{DA6BE75C-8EC5-40FF-AD66-0E462B77103A}.Release|Any CPU.ActiveCfg = Release|Any CPU
		{DA6BE75C-8EC5-40FF-AD66-0E462B77103A}.Release|Any CPU.Build.0 = Release|Any CPU
		{86C221FC-E25C-4776-8EBC-7F974A18BF6F}.Debug|Any CPU.ActiveCfg = Debug|Any CPU
		{86C221FC-E25C-4776-8EBC-7F974A18BF6F}.Debug|Any CPU.Build.0 = Debug|Any CPU
		{86C221FC-E25C-4776-8EBC-7F974A18BF6F}.Release|Any CPU.ActiveCfg = Release|Any CPU
		{86C221FC-E25C-4776-8EBC-7F974A18BF6F}.Release|Any CPU.Build.0 = Release|Any CPU
	EndGlobalSection
	GlobalSection(SolutionProperties) = preSolution
		HideSolutionNode = FALSE
	EndGlobalSection
	GlobalSection(TeamFoundationVersionControl) = preSolution
		SccNumberOfProjects = 7
		SccEnterpriseProvider = {4CA58AB2-18FA-4F8D-95D4-32DDF27D184C}
		SccTeamFoundationServer = http://cel-tfs2017:8080/tfs/pun-freshers-jul18
		SccLocalPath0 = .
		SccProjectUniqueName1 = Entities\\Entities.csproj
		SccProjectName1 = Entities
		SccLocalPath1 = Entities
		SccProjectUniqueName2 = DataAccessLayer\\DataAccessLayer.csproj
		SccProjectName2 = DataAccessLayer
		SccLocalPath2 = DataAccessLayer
		SccProjectUniqueName3 = PresentationLayer\\PresentationLayer.csproj
		SccProjectName3 = PresentationLayer
		SccLocalPath3 = PresentationLayer
		SccProjectUniqueName4 = ConsoleApplication1\\ConsoleApplication1.csproj
		SccProjectName4 = ConsoleApplication1
		SccLocalPath4 = ConsoleApplication1
		SccProjectUniqueName5 = BusinessLogicLayer\\BusinessLogicLayer.csproj
		SccProjectName5 = BusinessLogicLayer
		SccLocalPath5 = BusinessLogicLayer
		SccProjectUniqueName6 = OnlineBillPaymentSystemTest\\OnlineBillPaymentSystemTest.csproj
		SccProjectName6 = OnlineBillPaymentSystemTest
		SccLocalPath6 = OnlineBillPaymentSystemTest
	EndGlobalSection
EndGlobal
